
Microsoft Visual Studio Solution File, Format Version 12.00
# Visual Studio Version 17
VisualStudioVersion = 17.14.36408.4 d17.14
MinimumVisualStudioVersion = 10.0.40219.1
Project("{FAE04EC0-301F-11D3-BF4B-00C04F79EFBC}") = "Payment", "Payment.csproj", "{239FA625-87FE-460A-8C7B-3CECD1C87B81}"
EndProject
Global
	GlobalSection(SolutionConfigurationPlatforms) = preSolution
		Debug|Any CPU = Debug|Any CPU
		Release|Any CPU = Release|Any CPU
	EndGlobalSection
	GlobalSection(ProjectConfigurationPlatforms) = postSolution
		{239FA625-87FE-460A-8C7B-3CECD1C87B81}.Debug|Any CPU.ActiveCfg = Debug|Any CPU
		{239FA625-87FE-460A-8C7B-3CECD1C87B81}.Debug|Any CPU.Build.0 = Debug|Any CPU
		{239FA625-87FE-460A-8C7B-3CECD1C87B81}.Release|Any CPU.ActiveCfg = Release|Any CPU
		{239FA625-87FE-460A-8C7B-3CECD1C87B81}.Release|Any CPU.Build.0 = Release|Any CPU
	EndGlobalSection
	GlobalSection(SolutionProperties) = preSolution
		HideSolutionNode = FALSE
	EndGlobalSection
	GlobalSection(ExtensibilityGlobals) = postSolution
		SolutionGuid = {BC3FBA5A-C75C-4C2F-879E-BF0E7FCC3AB1}
	EndGlobalSection
EndGlobal
